
Microsoft Visual Studio Solution File, Format Version 12.00
# Visual Studio Version 16
VisualStudioVersion = 16.0.32602.291
MinimumVisualStudioVersion = 10.0.40219.1
Project("{FAE04EC0-301F-11D3-BF4B-00C04F79EFBC}") = "CalculatorUI_1", "CalculatorUI_1.csproj", "{619045E2-D81A-47F0-96A4-B98CC9A96AE1}"
EndProject
Global
	GlobalSection(SolutionConfigurationPlatforms) = preSolution
		Debug|Any CPU = Debug|Any CPU
		Release|Any CPU = Release|Any CPU
	EndGlobalSection
	GlobalSection(ProjectConfigurationPlatforms) = postSolution
		{619045E2-D81A-47F0-96A4-B98CC9A96AE1}.Debug|Any CPU.ActiveCfg = Debug|Any CPU
		{619045E2-D81A-47F0-96A4-B98CC9A96AE1}.Debug|Any CPU.Build.0 = Debug|Any CPU
		{619045E2-D81A-47F0-96A4-B98CC9A96AE1}.Release|Any CPU.ActiveCfg = Release|Any CPU
		{619045E2-D81A-47F0-96A4-B98CC9A96AE1}.Release|Any CPU.Build.0 = Release|Any CPU
	EndGlobalSection
	GlobalSection(SolutionProperties) = preSolution
		HideSolutionNode = FALSE
	EndGlobalSection
	GlobalSection(ExtensibilityGlobals) = postSolution
		SolutionGuid = {38CFDB6C-FBD6-47EE-92C4-C32D57BFEC53}
	EndGlobalSection
EndGlobal
